
Microsoft Visual Studio Solution File, Format Version 12.00
# Visual Studio Version 17
VisualStudioVersion = 17.10.34916.146
MinimumVisualStudioVersion = 10.0.40219.1
Project("{FAE04EC0-301F-11D3-BF4B-00C04F79EFBC}") = "SuperMarket", "SuperMarket\SuperMarket.csproj", "{52117FE5-7424-459F-9953-633245FF6F46}"
EndProject
Global
	GlobalSection(SolutionConfigurationPlatforms) = preSolution
		Debug|Any CPU = Debug|Any CPU
		Release|Any CPU = Release|Any CPU
	EndGlobalSection
	GlobalSection(ProjectConfigurationPlatforms) = postSolution
		{52117FE5-7424-459F-9953-633245FF6F46}.Debug|Any CPU.ActiveCfg = Debug|Any CPU
		{52117FE5-7424-459F-9953-633245FF6F46}.Debug|Any CPU.Build.0 = Debug|Any CPU
		{52117FE5-7424-459F-9953-633245FF6F46}.Release|Any CPU.ActiveCfg = Release|Any CPU
		{52117FE5-7424-459F-9953-633245FF6F46}.Release|Any CPU.Build.0 = Release|Any CPU
	EndGlobalSection
	GlobalSection(SolutionProperties) = preSolution
		HideSolutionNode = FALSE
	EndGlobalSection
	GlobalSection(ExtensibilityGlobals) = postSolution
		SolutionGuid = {E3BB78DC-84C7-4898-97B5-FE581A1CD20E}
	EndGlobalSection
EndGlobal
